
Microsoft Visual Studio Solution File, Format Version 12.00
# Visual Studio Version 17
VisualStudioVersion = 17.1.32210.238
MinimumVisualStudioVersion = 10.0.40219.1
Project("{FAE04EC0-301F-11D3-BF4B-00C04F79EFBC}") = "записная книжка", "записная книжка.csproj", "{027CC811-68BD-4B2C-8549-D5BC97939250}"
EndProject
Global
	GlobalSection(SolutionConfigurationPlatforms) = preSolution
		Debug|Any CPU = Debug|Any CPU
		Release|Any CPU = Release|Any CPU
	EndGlobalSection
	GlobalSection(ProjectConfigurationPlatforms) = postSolution
		{027CC811-68BD-4B2C-8549-D5BC97939250}.Debug|Any CPU.ActiveCfg = Debug|Any CPU
		{027CC811-68BD-4B2C-8549-D5BC97939250}.Debug|Any CPU.Build.0 = Debug|Any CPU
		{027CC811-68BD-4B2C-8549-D5BC97939250}.Release|Any CPU.ActiveCfg = Release|Any CPU
		{027CC811-68BD-4B2C-8549-D5BC97939250}.Release|Any CPU.Build.0 = Release|Any CPU
	EndGlobalSection
	GlobalSection(SolutionProperties) = preSolution
		HideSolutionNode = FALSE
	EndGlobalSection
	GlobalSection(ExtensibilityGlobals) = postSolution
		SolutionGuid = {B7A701BA-1926-4DBC-B3EB-0A509DF7BDE2}
	EndGlobalSection
EndGlobal
